// !$*UTF8*$!
{
	archiveVersion = 1;
	classes = {
	};
	objectVersion = 77;
	objects = {

/* Begin PBXBuildFile section */
		03ABA1A97FFBB471C206F075 /* RouteGenerationService.swift in Sources */ = {isa = PBXBuildFile; fileRef = DF0F6622939D2A09FFEB73DD /* RouteGenerationService.swift */; };
		03D6B66B111B3315B32DFF26 /* ViatorTicketProvider.swift in Sources */ = {isa = PBXBuildFile; fileRef = 2B84E1B543FD8133D1601513 /* ViatorTicketProvider.swift */; };
		05A9A038BAEEE5AEB7E62D15 /* WalkFeedback.swift in Sources */ = {isa = PBXBuildFile; fileRef = 7522CD0E02470D2CB85040BF /* WalkFeedback.swift */; };
		074997F26E177A7DD4FB113E /* AppRouter.swift in Sources */ = {isa = PBXBuildFile; fileRef = 27B53622232F15F64045F2D2 /* AppRouter.swift */; };
		088EDF556E4FFEDA2EAFEB8F /* Secrets.swift in Sources */ = {isa = PBXBuildFile; fileRef = 74772CFDFDEE8B6C52FCA197 /* Secrets.swift */; };
		0A0FF743FA3187853E2EBD97 /* PhotoManaging.swift in Sources */ = {isa = PBXBuildFile; fileRef = 9A8875EB19282E8E6C1F089E /* PhotoManaging.swift */; };
		0BAFD0E37588FDF580C60D4E /* PersistenceStoring.swift in Sources */ = {isa = PBXBuildFile; fileRef = DBD7245EC87824E4E610C1E3 /* PersistenceStoring.swift */; };
		0CB7A07586C2410334310BF2 /* TerrainCalibrationCache.swift in Sources */ = {isa = PBXBuildFile; fileRef = 58553E63FF7B1A9CCC271946 /* TerrainCalibrationCache.swift */; };
		0D3A8F94BA35549B248A59F6 /* TicketAggregatorService.swift in Sources */ = {isa = PBXBuildFile; fileRef = 748F9C28991E61AE4C46D195 /* TicketAggregatorService.swift */; };
		0FF8DB05ABD5112A14253237 /* UserDefaultsStore.swift in Sources */ = {isa = PBXBuildFile; fileRef = 22F23B6EA41BDDD49E2195FE /* UserDefaultsStore.swift */; };
		11D4547F5FB5DF2496E2ED15 /* WalkSession.swift in Sources */ = {isa = PBXBuildFile; fileRef = E48C58C77F13221697944B53 /* WalkSession.swift */; };
		11E60C7648459687EF7E1AAD /* OffRouteBannerView.swift in Sources */ = {isa = PBXBuildFile; fileRef = 4B538DCAE3B58C403FB0520C /* OffRouteBannerView.swift */; };
		155DC2F9E617559ACE916730 /* RouteCardView.swift in Sources */ = {isa = PBXBuildFile; fileRef = 4FCE9A1B3BDC53370946291E /* RouteCardView.swift */; };
		1593D0ED38104B4ECD6A7959 /* MusementAPI.swift in Sources */ = {isa = PBXBuildFile; fileRef = 92747CCA6413AAD7F2EEB112 /* MusementAPI.swift */; };
		16469BD3F8769C421050F103 /* POIDiscoveryService.swift in Sources */ = {isa = PBXBuildFile; fileRef = EF81C148B427F27B0928A680 /* POIDiscoveryService.swift */; };
		1946D378086FA6EEFA930AE9 /* VideoGenerating.swift in Sources */ = {isa = PBXBuildFile; fileRef = CE72E8DE791740CBD8489FD6 /* VideoGenerating.swift */; };
		1F6EFBEF311B9B407501310E /* Route.swift in Sources */ = {isa = PBXBuildFile; fileRef = 868D01B92A5FC35292BC2785 /* Route.swift */; };
		2031A46AFF90CA04119300A8 /* MapboxRouteGenerationService.swift in Sources */ = {isa = PBXBuildFile; fileRef = D2B047FE47021DB4D4F740A1 /* MapboxRouteGenerationService.swift */; };
		20D2ABD037C6683E53F403D5 /* NavigationStep.swift in Sources */ = {isa = PBXBuildFile; fileRef = 7F394BA25D16485EDD15223B /* NavigationStep.swift */; };
		23B82C883E4411FCE2A2BB04 /* AppTheme.swift in Sources */ = {isa = PBXBuildFile; fileRef = 082C7C1FCF7B4903E0F0C730 /* AppTheme.swift */; };
		249D0DE577D8F3ADA33D8CC6 /* TicketResult.swift in Sources */ = {isa = PBXBuildFile; fileRef = 96E21C9DBD7BAAE4017C4CA5 /* TicketResult.swift */; };
		25A2A73B039513B10C6E8590 /* RerouteService.swift in Sources */ = {isa = PBXBuildFile; fileRef = 38C93E4C6038AA875C4F16BD /* RerouteService.swift */; };
		267320E38A4D71DA810EAD5C /* FeedbackTag.swift in Sources */ = {isa = PBXBuildFile; fileRef = 9BDF8DD8CBC0D5241AA9D577 /* FeedbackTag.swift */; };
		26FE96EF914640F743F9E3C1 /* StepTracker.swift in Sources */ = {isa = PBXBuildFile; fileRef = 4616F7B2FE6F2F64EB68A059 /* StepTracker.swift */; };
		27E72FAE60B83D3CBA9A04F7 /* KlookAPI.swift in Sources */ = {isa = PBXBuildFile; fileRef = 3495411D2443B8E2BDEF97BA /* KlookAPI.swift */; };
		2974F734B4934510041E01CA /* ShareSheetView.swift in Sources */ = {isa = PBXBuildFile; fileRef = 0C3B4698E47E2E32ECD678D3 /* ShareSheetView.swift */; };
		3024BC4DAE49DA4C878C0CBC /* PedometerProviding.swift in Sources */ = {isa = PBXBuildFile; fileRef = 6E61B2DAE08CE47CB2D4B6BE /* PedometerProviding.swift */; };
		32DC756E6C2FA06B63B6988F /* SubscriptionProviding.swift in Sources */ = {isa = PBXBuildFile; fileRef = 1DBB7E243B438A56B042D35A /* SubscriptionProviding.swift */; };
		3403D519FF302E3BFB3C928C /* OffRouteViewModel.swift in Sources */ = {isa = PBXBuildFile; fileRef = DF91F13890D115171C9DE1C0 /* OffRouteViewModel.swift */; };
		341E77D165223FF93A737D6A /* SettingsRepository.swift in Sources */ = {isa = PBXBuildFile; fileRef = DD0FDA758C39FD339F00C478 /* SettingsRepository.swift */; };
		36EDB20EA3C506C9F60F280D /* AppRoute.swift in Sources */ = {isa = PBXBuildFile; fileRef = D23F28E2BF1FD960A5C54FD6 /* AppRoute.swift */; };
		3BC05BD07B181CF7C09F3EB2 /* KlookTicketProvider.swift in Sources */ = {isa = PBXBuildFile; fileRef = A561B0F098DD418265AB93B3 /* KlookTicketProvider.swift */; };
		40C6A5E86D86175D70D32C0B /* TiqetsAPI.swift in Sources */ = {isa = PBXBuildFile; fileRef = A61EA911CE820F1E9653FCB8 /* TiqetsAPI.swift */; };
		40D5361F6D9D31F2FAB594E8 /* POIFilteringService.swift in Sources */ = {isa = PBXBuildFile; fileRef = 85134A7D4192637C4D1A3577 /* POIFilteringService.swift */; };
		44A6A97B945CF12137690E26 /* Location.swift in Sources */ = {isa = PBXBuildFile; fileRef = B3470927864B3D1048984CB6 /* Location.swift */; };
		4A2CAF05641B77B8DAB6830D /* FileStore.swift in Sources */ = {isa = PBXBuildFile; fileRef = C086C83728B16887ED1C900C /* FileStore.swift */; };
		4B71AF157C2A551CE241E0FD /* CLLocationCoordinate2D+Helpers.swift in Sources */ = {isa = PBXBuildFile; fileRef = 0A89C331F0C492D09282A702 /* CLLocationCoordinate2D+Helpers.swift */; };
		5F3A9647481325C93DE1114F /* FinishWalkViewModel.swift in Sources */ = {isa = PBXBuildFile; fileRef = 8A55EB1F28A48A06A68DAA23 /* FinishWalkViewModel.swift */; };
		601143C23ED575B4CBC4321E /* TicketOffer.swift in Sources */ = {isa = PBXBuildFile; fileRef = 80916CDA4F962EA590F95D05 /* TicketOffer.swift */; };
		655D4BD512E937C1D515357A /* NavigationError.swift in Sources */ = {isa = PBXBuildFile; fileRef = 9533DDFB4CD6529C8910BC01 /* NavigationError.swift */; };
		69CF2D9F802FD3F35E488AB3 /* GooglePlacesAPI.swift in Sources */ = {isa = PBXBuildFile; fileRef = BF93A5441BE345AC8E79DE94 /* GooglePlacesAPI.swift */; };
		6ADD98A91DC0F45D4BB24803 /* ServiceContainer.swift in Sources */ = {isa = PBXBuildFile; fileRef = 45499FFD8387FC78FB66DC3B /* ServiceContainer.swift */; };
		70485C51AC7B791A78BDC524 /* POIAggregatorService.swift in Sources */ = {isa = PBXBuildFile; fileRef = BB94BEDD5B571E4C06A92522 /* POIAggregatorService.swift */; };
		726AB281062123D92D1EA69B /* PhotoError.swift in Sources */ = {isa = PBXBuildFile; fileRef = 4540EB12141095355998962D /* PhotoError.swift */; };
		74168CB7F39060F0534128D1 /* NetworkError.swift in Sources */ = {isa = PBXBuildFile; fileRef = D4F10FC6D6ECDF33A7842E46 /* NetworkError.swift */; };
		771DB03BE31CCDCA49AA12BE /* LivePedometerService.swift in Sources */ = {isa = PBXBuildFile; fileRef = 02CE2FB74B4B676BEB3648C8 /* LivePedometerService.swift */; };
		77AE61F8A1BA9E84D46C9249 /* AnalyticsEvent.swift in Sources */ = {isa = PBXBuildFile; fileRef = D1BDB50C68049FBBAB7FE2F3 /* AnalyticsEvent.swift */; };
		7BD271B78C088870AF29F3BA /* AppRootView.swift in Sources */ = {isa = PBXBuildFile; fileRef = A24ADD3CEC22B52AFBD40D98 /* AppRootView.swift */; };
		7C4996EAFE9F6AF8621FB4A2 /* POIDiscovering.swift in Sources */ = {isa = PBXBuildFile; fileRef = 372CD53B0D1709BE3262B0BE /* POIDiscovering.swift */; };
		7E50291FA328DA3817E005A6 /* POICardView.swift in Sources */ = {isa = PBXBuildFile; fileRef = AFF2F8BC0EF301824BC9C2E2 /* POICardView.swift */; };
		7FFF104E91FFEDF4FE21049C /* LocationProviding.swift in Sources */ = {isa = PBXBuildFile; fileRef = D34D124674F24AE4B45D20AF /* LocationProviding.swift */; };
		800EE0268C33E78492179AB2 /* POIDetailView.swift in Sources */ = {isa = PBXBuildFile; fileRef = 7450AEF71B64CFBFB4A21875 /* POIDetailView.swift */; };
		84568B9F7F1AA8749AA54105 /* GetYourGuideAPI.swift in Sources */ = {isa = PBXBuildFile; fileRef = 22C23846D1C4CE71DFBC7AFA /* GetYourGuideAPI.swift */; };
		87C9A37C73196897546F2718 /* TiqetsTicketProvider.swift in Sources */ = {isa = PBXBuildFile; fileRef = 9A63FCBCC1B515A2D9A02003 /* TiqetsTicketProvider.swift */; };
		88D327948F8DD0AD95461E5A /* LiveSubscriptionService.swift in Sources */ = {isa = PBXBuildFile; fileRef = 43F0908AED04AFDCA4BACB4C /* LiveSubscriptionService.swift */; };
		89DD88D45B2227353A80484A /* WalkNavigationView.swift in Sources */ = {isa = PBXBuildFile; fileRef = E3E3E1B9AFED392E9F7E4A81 /* WalkNavigationView.swift */; };
		9229089D0852BA005759D5C6 /* OffRouteDetector.swift in Sources */ = {isa = PBXBuildFile; fileRef = 8B55B07CBB2B71D5135A47FE /* OffRouteDetector.swift */; };
		956F63D6140E12E1D9903692 /* NavigationDirecting.swift in Sources */ = {isa = PBXBuildFile; fileRef = 4818B20FE1CF08A4F366EBFC /* NavigationDirecting.swift */; };
		964CB7472141F1A68F09E50E /* CacheManager.swift in Sources */ = {isa = PBXBuildFile; fileRef = E2A93CBBBA24D41018878306 /* CacheManager.swift */; };
		98682E46DC3634FC7568A8F0 /* WalkNavigationViewModel.swift in Sources */ = {isa = PBXBuildFile; fileRef = DD07D62789B033F70EBE77B2 /* WalkNavigationViewModel.swift */; };
		9F0C24C1F42D45693DB295A9 /* MuterApp.swift in Sources */ = {isa = PBXBuildFile; fileRef = 28F4A86200E9F15A910B2AB7 /* MuterApp.swift */; };
		A03353A3F566BED48370A0E1 /* PhotoStorageService.swift in Sources */ = {isa = PBXBuildFile; fileRef = 13553E9BF13258D63E7B9676 /* PhotoStorageService.swift */; };
		A0F55A95577C0E6386A55220 /* URLSessionAPIClient.swift in Sources */ = {isa = PBXBuildFile; fileRef = 5BDD5787EFCF0FC00FE9E08A /* URLSessionAPIClient.swift */; };
		A1D1882AF1E6A09614D77B58 /* RoutePhoto.swift in Sources */ = {isa = PBXBuildFile; fileRef = 11171ACD4E20A678307BA669 /* RoutePhoto.swift */; };
		A5C92C6C21DC4BC9AAEDA5AF /* FoodStopVisit.swift in Sources */ = {isa = PBXBuildFile; fileRef = 73D47F174736EF94D07305FB /* FoodStopVisit.swift */; };
		A62B9ED39F7106B11CD92FA3 /* ViatorAPI.swift in Sources */ = {isa = PBXBuildFile; fileRef = 5C466D42C9E8F17CE675A102 /* ViatorAPI.swift */; };
		A79904ECE339BF039F9F7FD9 /* DiscoveryViewModel.swift in Sources */ = {isa = PBXBuildFile; fileRef = B8F50EF8E5D3A153DADCFBB0 /* DiscoveryViewModel.swift */; };
		AA833035130B62DD746F2E50 /* AppLogger.swift in Sources */ = {isa = PBXBuildFile; fileRef = 28EC828E6F0CAAE9A0204276 /* AppLogger.swift */; };
		AD93AE1B36F2D71D2AE51962 /* RouteGenerating.swift in Sources */ = {isa = PBXBuildFile; fileRef = A0BBB830D74827E05829A042 /* RouteGenerating.swift */; };
		AEA6AB93444383AFD558F53B /* FinishWalkView.swift in Sources */ = {isa = PBXBuildFile; fileRef = BA3D756EEDDFA32FB28CF3BF /* FinishWalkView.swift */; };
		AFB5DD13B276A8F865C7552B /* RouteDetailView.swift in Sources */ = {isa = PBXBuildFile; fileRef = 1F8F16A76CCAE2C4E913D692 /* RouteDetailView.swift */; };
		AFEA9CAC956F2BF5A5F43A6C /* POIListView.swift in Sources */ = {isa = PBXBuildFile; fileRef = B488F53ECB10CCC4BE5FD8B7 /* POIListView.swift */; };
		B0DDBFE370FEC377E7B0B147 /* Injected.swift in Sources */ = {isa = PBXBuildFile; fileRef = 670919C75830EF3237C437A5 /* Injected.swift */; };
		B112C1AAD089F1A90E417CDF /* WalkStatsBar.swift in Sources */ = {isa = PBXBuildFile; fileRef = 8C152598C4B792F045A9D5B9 /* WalkStatsBar.swift */; };
		B3D5EF78C4B79AC0EC70EB9C /* CollageTemplate.swift in Sources */ = {isa = PBXBuildFile; fileRef = 4AFEBA92BE0838179BF55437 /* CollageTemplate.swift */; };
		B47F4B373AB55D4228CE87EE /* RouteShareService.swift in Sources */ = {isa = PBXBuildFile; fileRef = 7C39CBE32233D318A962F3E2 /* RouteShareService.swift */; };
		B4C73E1CCDF188114111F725 /* LoadingStateView.swift in Sources */ = {isa = PBXBuildFile; fileRef = 79548CB97B9247A2378E4D3F /* LoadingStateView.swift */; };
		B8543963FA879ECA29AF0438 /* FoodCheckInBannerView.swift in Sources */ = {isa = PBXBuildFile; fileRef = DBCBE4C825C74FFE314AD1D5 /* FoodCheckInBannerView.swift */; };
		BAAE17B7AD425A88B06CA686 /* ShareComposing.swift in Sources */ = {isa = PBXBuildFile; fileRef = E80F9DD22DAC6041F0A86CF8 /* ShareComposing.swift */; };
		BB2F7696D7B5951B9D73D2DD /* POICategory.swift in Sources */ = {isa = PBXBuildFile; fileRef = 6D9B17BB6AC35FC1A5DFFD90 /* POICategory.swift */; };
		BCA6944044D7968D47FE46EA /* CollageGeneratorService.swift in Sources */ = {isa = PBXBuildFile; fileRef = 566E1810E19EDE87FC08F39D /* CollageGeneratorService.swift */; };
		BD24CD7E05299668753F7733 /* MuterTests.swift in Sources */ = {isa = PBXBuildFile; fileRef = 5FA27E7A7BCAB4C95EDC6844 /* MuterTests.swift */; };
		C0E5EE95F55D14CD56CAF7AF /* DiscoveryView.swift in Sources */ = {isa = PBXBuildFile; fileRef = F49D97DA5E66BFCFA7A08C1C /* DiscoveryView.swift */; };
		C43E58ADF3AACBE4CDE6B8B0 /* WalkHistoryRepository.swift in Sources */ = {isa = PBXBuildFile; fileRef = 26E7AEDF2935A74DB01B2500 /* WalkHistoryRepository.swift */; };
		C496CC17E0245D018FD67873 /* RouteGeometry.swift in Sources */ = {isa = PBXBuildFile; fileRef = 04378C12872A3FB9BBD584A5 /* RouteGeometry.swift */; };
		C66E5799D575B4AC0460D1B0 /* POIEnriching.swift in Sources */ = {isa = PBXBuildFile; fileRef = C348AB4401081F0E36422CE3 /* POIEnriching.swift */; };
		C702304A1E502AD8B183FB06 /* AppConfiguration.swift in Sources */ = {isa = PBXBuildFile; fileRef = DBD6A8EEB2760DEA21D47C24 /* AppConfiguration.swift */; };
		C9BA63AC97A3585A694A19E0 /* AnalyticsTracking.swift in Sources */ = {isa = PBXBuildFile; fileRef = 68ED675C628E64450D387E2B /* AnalyticsTracking.swift */; };
		CD9481CF1E5B430C264F55D2 /* ServiceContainer+Registration.swift in Sources */ = {isa = PBXBuildFile; fileRef = 372CCA8F1287C52A7C70258F /* ServiceContainer+Registration.swift */; };
		CDD734B73B23432F012BF68E /* CameraView.swift in Sources */ = {isa = PBXBuildFile; fileRef = 9DDF41118AD6F63CBACEC2C3 /* CameraView.swift */; };
		D16D37C0A23D6291ECAFE5A4 /* LocationService.swift in Sources */ = {isa = PBXBuildFile; fileRef = F1FCC8BCD8DDB054995F0787 /* LocationService.swift */; };
		D21085FE78B17F7CB853805F /* NavigationInstructionView.swift in Sources */ = {isa = PBXBuildFile; fileRef = ECBB5EBD18CFB05B4B57D217 /* NavigationInstructionView.swift */; };
		D5591B6AC4257EA65FFEBDB8 /* TimeSelectorView.swift in Sources */ = {isa = PBXBuildFile; fileRef = F998462B2A8D821191657EC2 /* TimeSelectorView.swift */; };
		DA33DD5CF3D9C65F265B5359 /* TicketProviding.swift in Sources */ = {isa = PBXBuildFile; fileRef = 1400569418D0827CE7D92590 /* TicketProviding.swift */; };
		DA3FEB40CEE69B1A735BA45A /* POI.swift in Sources */ = {isa = PBXBuildFile; fileRef = 90EDC552140793C60D7EEE88 /* POI.swift */; };
		DDEA0E1D233B65F852121623 /* GetYourGuideTicketProvider.swift in Sources */ = {isa = PBXBuildFile; fileRef = E0BCBA7DCB0F89A07655E5F5 /* GetYourGuideTicketProvider.swift */; };
		E47485D2893C050C16181B11 /* RouteDetailViewModel.swift in Sources */ = {isa = PBXBuildFile; fileRef = 73B148B42E1280BF9DD0E6DC /* RouteDetailViewModel.swift */; };
		E4CCBC854220301E13AD5D44 /* TicketAggregating.swift in Sources */ = {isa = PBXBuildFile; fileRef = A109D964B95AB82BF998B097 /* TicketAggregating.swift */; };
		E50FDF659D8671DE41699710 /* POIError.swift in Sources */ = {isa = PBXBuildFile; fileRef = 85CB9FD91B5F9CBC342863EC /* POIError.swift */; };
		E6CE679B49928483DB1AA767 /* GooglePlacesEnrichmentService.swift in Sources */ = {isa = PBXBuildFile; fileRef = A1D747ABD04CF15979F725F1 /* GooglePlacesEnrichmentService.swift */; };
		F0A1B2C3D4E5F60718293A4B /* GooglePlacesNewFoodService.swift in Sources */ = {isa = PBXBuildFile; fileRef = A2B3C4D5E6F7081929304A5B /* GooglePlacesNewFoodService.swift */; };
		E7C9B115125FB2F041065F13 /* FeedbackSectionView.swift in Sources */ = {isa = PBXBuildFile; fileRef = E0DF56ABE7160A2A85ED48ED /* FeedbackSectionView.swift */; };
		EAEEA6F9ED4F6A117BAA6896 /* APIClient.swift in Sources */ = {isa = PBXBuildFile; fileRef = E3541A2569576DD014165FA0 /* APIClient.swift */; };
		EB462252DBDDFBA9EA83B4F3 /* Environment.swift in Sources */ = {isa = PBXBuildFile; fileRef = 7866F82E1E4D40D376BC2D5D /* Environment.swift */; };
		EE721DE0B1449280C7F35673 /* SharedRouteView.swift in Sources */ = {isa = PBXBuildFile; fileRef = F5E3737CABFC7D667C70835A /* SharedRouteView.swift */; };
		F104AEB3FAC5C44E22412433 /* AnalyticsService.swift in Sources */ = {isa = PBXBuildFile; fileRef = AC5A704BDEF5698A4E98D6D2 /* AnalyticsService.swift */; };
		F2B122F52A28103F62DEEA64 /* UserProfile.swift in Sources */ = {isa = PBXBuildFile; fileRef = 4847CD7F3D6A01E0D1684075 /* UserProfile.swift */; };
		F617F69631947927195D5E61 /* LocationSearchView.swift in Sources */ = {isa = PBXBuildFile; fileRef = DB9BB8492E1CD44E417B7DE7 /* LocationSearchView.swift */; };
		FAE4118B340697E504B27279 /* MuterError.swift in Sources */ = {isa = PBXBuildFile; fileRef = 7A138B23A7C66FBECF24F794 /* MuterError.swift */; };
		FC538711845E57008B310A61 /* RouteRepository.swift in Sources */ = {isa = PBXBuildFile; fileRef = A9B4817A55213010D020CC93 /* RouteRepository.swift */; };
		FC92ABC1900CAB7FE0178C9A /* RouteError.swift in Sources */ = {isa = PBXBuildFile; fileRef = F6D2B9ED513CE5ABB0D799B7 /* RouteError.swift */; };
		FD6EE6A137B8CBC426778365 /* NavigationDirectionsService.swift in Sources */ = {isa = PBXBuildFile; fileRef = 697692598335BA486BBE8B60 /* NavigationDirectionsService.swift */; };
		FE4950767DD3B217CCAE56B9 /* MusementTicketProvider.swift in Sources */ = {isa = PBXBuildFile; fileRef = 71C5004D668D017126808BBB /* MusementTicketProvider.swift */; };
/* End PBXBuildFile section */

/* Begin PBXContainerItemProxy section */
		ABCFFAD58DF84DC7942F7CCA /* PBXContainerItemProxy */ = {
			isa = PBXContainerItemProxy;
			containerPortal = A9C336114F5C293543E35C2A /* Project object */;
			proxyType = 1;
			remoteGlobalIDString = 026374414C6CE753BACD2ED8;
			remoteInfo = Muter;
		};
/* End PBXContainerItemProxy section */

/* Begin PBXFileReference section */
		02CE2FB74B4B676BEB3648C8 /* LivePedometerService.swift */ = {isa = PBXFileReference; lastKnownFileType = sourcecode.swift; path = LivePedometerService.swift; sourceTree = "<group>"; };
		04378C12872A3FB9BBD584A5 /* RouteGeometry.swift */ = {isa = PBXFileReference; lastKnownFileType = sourcecode.swift; path = RouteGeometry.swift; sourceTree = "<group>"; };
		082C7C1FCF7B4903E0F0C730 /* AppTheme.swift */ = {isa = PBXFileReference; lastKnownFileType = sourcecode.swift; path = AppTheme.swift; sourceTree = "<group>"; };
		0A89C331F0C492D09282A702 /* CLLocationCoordinate2D+Helpers.swift */ = {isa = PBXFileReference; lastKnownFileType = sourcecode.swift; path = "CLLocationCoordinate2D+Helpers.swift"; sourceTree = "<group>"; };
		0C3B4698E47E2E32ECD678D3 /* ShareSheetView.swift */ = {isa = PBXFileReference; lastKnownFileType = sourcecode.swift; path = ShareSheetView.swift; sourceTree = "<group>"; };
		11171ACD4E20A678307BA669 /* RoutePhoto.swift */ = {isa = PBXFileReference; lastKnownFileType = sourcecode.swift; path = RoutePhoto.swift; sourceTree = "<group>"; };
		13553E9BF13258D63E7B9676 /* PhotoStorageService.swift */ = {isa = PBXFileReference; lastKnownFileType = sourcecode.swift; path = PhotoStorageService.swift; sourceTree = "<group>"; };
		1400569418D0827CE7D92590 /* TicketProviding.swift */ = {isa = PBXFileReference; lastKnownFileType = sourcecode.swift; path = TicketProviding.swift; sourceTree = "<group>"; };
		1DBB7E243B438A56B042D35A /* SubscriptionProviding.swift */ = {isa = PBXFileReference; lastKnownFileType = sourcecode.swift; path = SubscriptionProviding.swift; sourceTree = "<group>"; };
		1F8F16A76CCAE2C4E913D692 /* RouteDetailView.swift */ = {isa = PBXFileReference; lastKnownFileType = sourcecode.swift; path = RouteDetailView.swift; sourceTree = "<group>"; };
		22C23846D1C4CE71DFBC7AFA /* GetYourGuideAPI.swift */ = {isa = PBXFileReference; lastKnownFileType = sourcecode.swift; path = GetYourGuideAPI.swift; sourceTree = "<group>"; };
		22F23B6EA41BDDD49E2195FE /* UserDefaultsStore.swift */ = {isa = PBXFileReference; lastKnownFileType = sourcecode.swift; path = UserDefaultsStore.swift; sourceTree = "<group>"; };
		26E7AEDF2935A74DB01B2500 /* WalkHistoryRepository.swift */ = {isa = PBXFileReference; lastKnownFileType = sourcecode.swift; path = WalkHistoryRepository.swift; sourceTree = "<group>"; };
		27B53622232F15F64045F2D2 /* AppRouter.swift */ = {isa = PBXFileReference; lastKnownFileType = sourcecode.swift; path = AppRouter.swift; sourceTree = "<group>"; };
		28EC828E6F0CAAE9A0204276 /* AppLogger.swift */ = {isa = PBXFileReference; lastKnownFileType = sourcecode.swift; path = AppLogger.swift; sourceTree = "<group>"; };
		28F4A86200E9F15A910B2AB7 /* MuterApp.swift */ = {isa = PBXFileReference; lastKnownFileType = sourcecode.swift; path = MuterApp.swift; sourceTree = "<group>"; };
		2B84E1B543FD8133D1601513 /* ViatorTicketProvider.swift */ = {isa = PBXFileReference; lastKnownFileType = sourcecode.swift; path = ViatorTicketProvider.swift; sourceTree = "<group>"; };
		3495411D2443B8E2BDEF97BA /* KlookAPI.swift */ = {isa = PBXFileReference; lastKnownFileType = sourcecode.swift; path = KlookAPI.swift; sourceTree = "<group>"; };
		372CCA8F1287C52A7C70258F /* ServiceContainer+Registration.swift */ = {isa = PBXFileReference; lastKnownFileType = sourcecode.swift; path = "ServiceContainer+Registration.swift"; sourceTree = "<group>"; };
		372CD53B0D1709BE3262B0BE /* POIDiscovering.swift */ = {isa = PBXFileReference; lastKnownFileType = sourcecode.swift; path = POIDiscovering.swift; sourceTree = "<group>"; };
		38C93E4C6038AA875C4F16BD /* RerouteService.swift */ = {isa = PBXFileReference; lastKnownFileType = sourcecode.swift; path = RerouteService.swift; sourceTree = "<group>"; };
		3DE867DD4FB9953A5A0FBB3B /* Muter.app */ = {isa = PBXFileReference; explicitFileType = wrapper.application; includeInIndex = 0; path = Muter.app; sourceTree = BUILT_PRODUCTS_DIR; };
		43F0908AED04AFDCA4BACB4C /* LiveSubscriptionService.swift */ = {isa = PBXFileReference; lastKnownFileType = sourcecode.swift; path = LiveSubscriptionService.swift; sourceTree = "<group>"; };
		4540EB12141095355998962D /* PhotoError.swift */ = {isa = PBXFileReference; lastKnownFileType = sourcecode.swift; path = PhotoError.swift; sourceTree = "<group>"; };
		45499FFD8387FC78FB66DC3B /* ServiceContainer.swift */ = {isa = PBXFileReference; lastKnownFileType = sourcecode.swift; path = ServiceContainer.swift; sourceTree = "<group>"; };
		4616F7B2FE6F2F64EB68A059 /* StepTracker.swift */ = {isa = PBXFileReference; lastKnownFileType = sourcecode.swift; path = StepTracker.swift; sourceTree = "<group>"; };
		4818B20FE1CF08A4F366EBFC /* NavigationDirecting.swift */ = {isa = PBXFileReference; lastKnownFileType = sourcecode.swift; path = NavigationDirecting.swift; sourceTree = "<group>"; };
		4847CD7F3D6A01E0D1684075 /* UserProfile.swift */ = {isa = PBXFileReference; lastKnownFileType = sourcecode.swift; path = UserProfile.swift; sourceTree = "<group>"; };
		4AFEBA92BE0838179BF55437 /* CollageTemplate.swift */ = {isa = PBXFileReference; lastKnownFileType = sourcecode.swift; path = CollageTemplate.swift; sourceTree = "<group>"; };
		4B538DCAE3B58C403FB0520C /* OffRouteBannerView.swift */ = {isa = PBXFileReference; lastKnownFileType = sourcecode.swift; path = OffRouteBannerView.swift; sourceTree = "<group>"; };
		4FCE9A1B3BDC53370946291E /* RouteCardView.swift */ = {isa = PBXFileReference; lastKnownFileType = sourcecode.swift; path = RouteCardView.swift; sourceTree = "<group>"; };
		566E1810E19EDE87FC08F39D /* CollageGeneratorService.swift */ = {isa = PBXFileReference; lastKnownFileType = sourcecode.swift; path = CollageGeneratorService.swift; sourceTree = "<group>"; };
		58553E63FF7B1A9CCC271946 /* TerrainCalibrationCache.swift */ = {isa = PBXFileReference; lastKnownFileType = sourcecode.swift; path = TerrainCalibrationCache.swift; sourceTree = "<group>"; };
		5AC49BBC9D5578746885A64E /* Muter.entitlements */ = {isa = PBXFileReference; lastKnownFileType = text.plist.entitlements; path = Muter.entitlements; sourceTree = "<group>"; };
		5BDD5787EFCF0FC00FE9E08A /* URLSessionAPIClient.swift */ = {isa = PBXFileReference; lastKnownFileType = sourcecode.swift; path = URLSessionAPIClient.swift; sourceTree = "<group>"; };
		5C466D42C9E8F17CE675A102 /* ViatorAPI.swift */ = {isa = PBXFileReference; lastKnownFileType = sourcecode.swift; path = ViatorAPI.swift; sourceTree = "<group>"; };
		5FA27E7A7BCAB4C95EDC6844 /* MuterTests.swift */ = {isa = PBXFileReference; lastKnownFileType = sourcecode.swift; path = MuterTests.swift; sourceTree = "<group>"; };
		670919C75830EF3237C437A5 /* Injected.swift */ = {isa = PBXFileReference; lastKnownFileType = sourcecode.swift; path = Injected.swift; sourceTree = "<group>"; };
		68ED675C628E64450D387E2B /* AnalyticsTracking.swift */ = {isa = PBXFileReference; lastKnownFileType = sourcecode.swift; path = AnalyticsTracking.swift; sourceTree = "<group>"; };
		697692598335BA486BBE8B60 /* NavigationDirectionsService.swift */ = {isa = PBXFileReference; lastKnownFileType = sourcecode.swift; path = NavigationDirectionsService.swift; sourceTree = "<group>"; };
		6D9B17BB6AC35FC1A5DFFD90 /* POICategory.swift */ = {isa = PBXFileReference; lastKnownFileType = sourcecode.swift; path = POICategory.swift; sourceTree = "<group>"; };
		6E61B2DAE08CE47CB2D4B6BE /* PedometerProviding.swift */ = {isa = PBXFileReference; lastKnownFileType = sourcecode.swift; path = PedometerProviding.swift; sourceTree = "<group>"; };
		71C5004D668D017126808BBB /* MusementTicketProvider.swift */ = {isa = PBXFileReference; lastKnownFileType = sourcecode.swift; path = MusementTicketProvider.swift; sourceTree = "<group>"; };
		73B148B42E1280BF9DD0E6DC /* RouteDetailViewModel.swift */ = {isa = PBXFileReference; lastKnownFileType = sourcecode.swift; path = RouteDetailViewModel.swift; sourceTree = "<group>"; };
		73D47F174736EF94D07305FB /* FoodStopVisit.swift */ = {isa = PBXFileReference; lastKnownFileType = sourcecode.swift; path = FoodStopVisit.swift; sourceTree = "<group>"; };
		7450AEF71B64CFBFB4A21875 /* POIDetailView.swift */ = {isa = PBXFileReference; lastKnownFileType = sourcecode.swift; path = POIDetailView.swift; sourceTree = "<group>"; };
		74772CFDFDEE8B6C52FCA197 /* Secrets.swift */ = {isa = PBXFileReference; lastKnownFileType = sourcecode.swift; path = Secrets.swift; sourceTree = "<group>"; };
		748F9C28991E61AE4C46D195 /* TicketAggregatorService.swift */ = {isa = PBXFileReference; lastKnownFileType = sourcecode.swift; path = TicketAggregatorService.swift; sourceTree = "<group>"; };
		75067E0A1947D4A6C42D04A0 /* Secrets.xcconfig */ = {isa = PBXFileReference; lastKnownFileType = text.xcconfig; path = Secrets.xcconfig; sourceTree = "<group>"; };
		7522CD0E02470D2CB85040BF /* WalkFeedback.swift */ = {isa = PBXFileReference; lastKnownFileType = sourcecode.swift; path = WalkFeedback.swift; sourceTree = "<group>"; };
		7866F82E1E4D40D376BC2D5D /* Environment.swift */ = {isa = PBXFileReference; lastKnownFileType = sourcecode.swift; path = Environment.swift; sourceTree = "<group>"; };
		79548CB97B9247A2378E4D3F /* LoadingStateView.swift */ = {isa = PBXFileReference; lastKnownFileType = sourcecode.swift; path = LoadingStateView.swift; sourceTree = "<group>"; };
		7A138B23A7C66FBECF24F794 /* MuterError.swift */ = {isa = PBXFileReference; lastKnownFileType = sourcecode.swift; path = MuterError.swift; sourceTree = "<group>"; };
		7C39CBE32233D318A962F3E2 /* RouteShareService.swift */ = {isa = PBXFileReference; lastKnownFileType = sourcecode.swift; path = RouteShareService.swift; sourceTree = "<group>"; };
		7F394BA25D16485EDD15223B /* NavigationStep.swift */ = {isa = PBXFileReference; lastKnownFileType = sourcecode.swift; path = NavigationStep.swift; sourceTree = "<group>"; };
		80916CDA4F962EA590F95D05 /* TicketOffer.swift */ = {isa = PBXFileReference; lastKnownFileType = sourcecode.swift; path = TicketOffer.swift; sourceTree = "<group>"; };
		85134A7D4192637C4D1A3577 /* POIFilteringService.swift */ = {isa = PBXFileReference; lastKnownFileType = sourcecode.swift; path = POIFilteringService.swift; sourceTree = "<group>"; };
		85CB9FD91B5F9CBC342863EC /* POIError.swift */ = {isa = PBXFileReference; lastKnownFileType = sourcecode.swift; path = POIError.swift; sourceTree = "<group>"; };
		868D01B92A5FC35292BC2785 /* Route.swift */ = {isa = PBXFileReference; lastKnownFileType = sourcecode.swift; path = Route.swift; sourceTree = "<group>"; };
		8A55EB1F28A48A06A68DAA23 /* FinishWalkViewModel.swift */ = {isa = PBXFileReference; lastKnownFileType = sourcecode.swift; path = FinishWalkViewModel.swift; sourceTree = "<group>"; };
		8B55B07CBB2B71D5135A47FE /* OffRouteDetector.swift */ = {isa = PBXFileReference; lastKnownFileType = sourcecode.swift; path = OffRouteDetector.swift; sourceTree = "<group>"; };
		8C152598C4B792F045A9D5B9 /* WalkStatsBar.swift */ = {isa = PBXFileReference; lastKnownFileType = sourcecode.swift; path = WalkStatsBar.swift; sourceTree = "<group>"; };
		90EDC552140793C60D7EEE88 /* POI.swift */ = {isa = PBXFileReference; lastKnownFileType = sourcecode.swift; path = POI.swift; sourceTree = "<group>"; };
		92747CCA6413AAD7F2EEB112 /* MusementAPI.swift */ = {isa = PBXFileReference; lastKnownFileType = sourcecode.swift; path = MusementAPI.swift; sourceTree = "<group>"; };
		9533DDFB4CD6529C8910BC01 /* NavigationError.swift */ = {isa = PBXFileReference; lastKnownFileType = sourcecode.swift; path = NavigationError.swift; sourceTree = "<group>"; };
		96E21C9DBD7BAAE4017C4CA5 /* TicketResult.swift */ = {isa = PBXFileReference; lastKnownFileType = sourcecode.swift; path = TicketResult.swift; sourceTree = "<group>"; };
		9A63FCBCC1B515A2D9A02003 /* TiqetsTicketProvider.swift */ = {isa = PBXFileReference; lastKnownFileType = sourcecode.swift; path = TiqetsTicketProvider.swift; sourceTree = "<group>"; };
		9A8875EB19282E8E6C1F089E /* PhotoManaging.swift */ = {isa = PBXFileReference; lastKnownFileType = sourcecode.swift; path = PhotoManaging.swift; sourceTree = "<group>"; };
		9BDF8DD8CBC0D5241AA9D577 /* FeedbackTag.swift */ = {isa = PBXFileReference; lastKnownFileType = sourcecode.swift; path = FeedbackTag.swift; sourceTree = "<group>"; };
		9DDF41118AD6F63CBACEC2C3 /* CameraView.swift */ = {isa = PBXFileReference; lastKnownFileType = sourcecode.swift; path = CameraView.swift; sourceTree = "<group>"; };
		A0BBB830D74827E05829A042 /* RouteGenerating.swift */ = {isa = PBXFileReference; lastKnownFileType = sourcecode.swift; path = RouteGenerating.swift; sourceTree = "<group>"; };
		A109D964B95AB82BF998B097 /* TicketAggregating.swift */ = {isa = PBXFileReference; lastKnownFileType = sourcecode.swift; path = TicketAggregating.swift; sourceTree = "<group>"; };
		A1D747ABD04CF15979F725F1 /* GooglePlacesEnrichmentService.swift */ = {isa = PBXFileReference; lastKnownFileType = sourcecode.swift; path = GooglePlacesEnrichmentService.swift; sourceTree = "<group>"; };
		A2B3C4D5E6F7081929304A5B /* GooglePlacesNewFoodService.swift */ = {isa = PBXFileReference; lastKnownFileType = sourcecode.swift; path = GooglePlacesNewFoodService.swift; sourceTree = "<group>"; };
		A24ADD3CEC22B52AFBD40D98 /* AppRootView.swift */ = {isa = PBXFileReference; lastKnownFileType = sourcecode.swift; path = AppRootView.swift; sourceTree = "<group>"; };
		A561B0F098DD418265AB93B3 /* KlookTicketProvider.swift */ = {isa = PBXFileReference; lastKnownFileType = sourcecode.swift; path = KlookTicketProvider.swift; sourceTree = "<group>"; };
		A61EA911CE820F1E9653FCB8 /* TiqetsAPI.swift */ = {isa = PBXFileReference; lastKnownFileType = sourcecode.swift; path = TiqetsAPI.swift; sourceTree = "<group>"; };
		A9B4817A55213010D020CC93 /* RouteRepository.swift */ = {isa = PBXFileReference; lastKnownFileType = sourcecode.swift; path = RouteRepository.swift; sourceTree = "<group>"; };
		AC5A704BDEF5698A4E98D6D2 /* AnalyticsService.swift */ = {isa = PBXFileReference; lastKnownFileType = sourcecode.swift; path = AnalyticsService.swift; sourceTree = "<group>"; };
		AFF2F8BC0EF301824BC9C2E2 /* POICardView.swift */ = {isa = PBXFileReference; lastKnownFileType = sourcecode.swift; path = POICardView.swift; sourceTree = "<group>"; };
		B3470927864B3D1048984CB6 /* Location.swift */ = {isa = PBXFileReference; lastKnownFileType = sourcecode.swift; path = Location.swift; sourceTree = "<group>"; };
		B488F53ECB10CCC4BE5FD8B7 /* POIListView.swift */ = {isa = PBXFileReference; lastKnownFileType = sourcecode.swift; path = POIListView.swift; sourceTree = "<group>"; };
		B8F50EF8E5D3A153DADCFBB0 /* DiscoveryViewModel.swift */ = {isa = PBXFileReference; lastKnownFileType = sourcecode.swift; path = DiscoveryViewModel.swift; sourceTree = "<group>"; };
		BA3D756EEDDFA32FB28CF3BF /* FinishWalkView.swift */ = {isa = PBXFileReference; lastKnownFileType = sourcecode.swift; path = FinishWalkView.swift; sourceTree = "<group>"; };
		BB94BEDD5B571E4C06A92522 /* POIAggregatorService.swift */ = {isa = PBXFileReference; lastKnownFileType = sourcecode.swift; path = POIAggregatorService.swift; sourceTree = "<group>"; };
		BF93A5441BE345AC8E79DE94 /* GooglePlacesAPI.swift */ = {isa = PBXFileReference; lastKnownFileType = sourcecode.swift; path = GooglePlacesAPI.swift; sourceTree = "<group>"; };
		C086C83728B16887ED1C900C /* FileStore.swift */ = {isa = PBXFileReference; lastKnownFileType = sourcecode.swift; path = FileStore.swift; sourceTree = "<group>"; };
		C348AB4401081F0E36422CE3 /* POIEnriching.swift */ = {isa = PBXFileReference; lastKnownFileType = sourcecode.swift; path = POIEnriching.swift; sourceTree = "<group>"; };
		CAC26BFC197F2987A41CDC92 /* Info.plist */ = {isa = PBXFileReference; lastKnownFileType = text.plist; path = Info.plist; sourceTree = "<group>"; };
		CE72E8DE791740CBD8489FD6 /* VideoGenerating.swift */ = {isa = PBXFileReference; lastKnownFileType = sourcecode.swift; path = VideoGenerating.swift; sourceTree = "<group>"; };
		D1BDB50C68049FBBAB7FE2F3 /* AnalyticsEvent.swift */ = {isa = PBXFileReference; lastKnownFileType = sourcecode.swift; path = AnalyticsEvent.swift; sourceTree = "<group>"; };
		D23F28E2BF1FD960A5C54FD6 /* AppRoute.swift */ = {isa = PBXFileReference; lastKnownFileType = sourcecode.swift; path = AppRoute.swift; sourceTree = "<group>"; };
		D2B047FE47021DB4D4F740A1 /* MapboxRouteGenerationService.swift */ = {isa = PBXFileReference; lastKnownFileType = sourcecode.swift; path = MapboxRouteGenerationService.swift; sourceTree = "<group>"; };
		D34D124674F24AE4B45D20AF /* LocationProviding.swift */ = {isa = PBXFileReference; lastKnownFileType = sourcecode.swift; path = LocationProviding.swift; sourceTree = "<group>"; };
		D3E3837AAAA8A925A5E8DDD7 /* MuterTests.xctest */ = {isa = PBXFileReference; includeInIndex = 0; lastKnownFileType = wrapper.cfbundle; path = MuterTests.xctest; sourceTree = BUILT_PRODUCTS_DIR; };
		D4F10FC6D6ECDF33A7842E46 /* NetworkError.swift */ = {isa = PBXFileReference; lastKnownFileType = sourcecode.swift; path = NetworkError.swift; sourceTree = "<group>"; };
		DB9BB8492E1CD44E417B7DE7 /* LocationSearchView.swift */ = {isa = PBXFileReference; lastKnownFileType = sourcecode.swift; path = LocationSearchView.swift; sourceTree = "<group>"; };
		DBCBE4C825C74FFE314AD1D5 /* FoodCheckInBannerView.swift */ = {isa = PBXFileReference; lastKnownFileType = sourcecode.swift; path = FoodCheckInBannerView.swift; sourceTree = "<group>"; };
		DBD6A8EEB2760DEA21D47C24 /* AppConfiguration.swift */ = {isa = PBXFileReference; lastKnownFileType = sourcecode.swift; path = AppConfiguration.swift; sourceTree = "<group>"; };
		DBD7245EC87824E4E610C1E3 /* PersistenceStoring.swift */ = {isa = PBXFileReference; lastKnownFileType = sourcecode.swift; path = PersistenceStoring.swift; sourceTree = "<group>"; };
		DD07D62789B033F70EBE77B2 /* WalkNavigationViewModel.swift */ = {isa = PBXFileReference; lastKnownFileType = sourcecode.swift; path = WalkNavigationViewModel.swift; sourceTree = "<group>"; };
		DD0FDA758C39FD339F00C478 /* SettingsRepository.swift */ = {isa = PBXFileReference; lastKnownFileType = sourcecode.swift; path = SettingsRepository.swift; sourceTree = "<group>"; };
		DF0F6622939D2A09FFEB73DD /* RouteGenerationService.swift */ = {isa = PBXFileReference; lastKnownFileType = sourcecode.swift; path = RouteGenerationService.swift; sourceTree = "<group>"; };
		DF91F13890D115171C9DE1C0 /* OffRouteViewModel.swift */ = {isa = PBXFileReference; lastKnownFileType = sourcecode.swift; path = OffRouteViewModel.swift; sourceTree = "<group>"; };
		E0BCBA7DCB0F89A07655E5F5 /* GetYourGuideTicketProvider.swift */ = {isa = PBXFileReference; lastKnownFileType = sourcecode.swift; path = GetYourGuideTicketProvider.swift; sourceTree = "<group>"; };
		E0DF56ABE7160A2A85ED48ED /* FeedbackSectionView.swift */ = {isa = PBXFileReference; lastKnownFileType = sourcecode.swift; path = FeedbackSectionView.swift; sourceTree = "<group>"; };
		E2A93CBBBA24D41018878306 /* CacheManager.swift */ = {isa = PBXFileReference; lastKnownFileType = sourcecode.swift; path = CacheManager.swift; sourceTree = "<group>"; };
		E3541A2569576DD014165FA0 /* APIClient.swift */ = {isa = PBXFileReference; lastKnownFileType = sourcecode.swift; path = APIClient.swift; sourceTree = "<group>"; };
		E3E3E1B9AFED392E9F7E4A81 /* WalkNavigationView.swift */ = {isa = PBXFileReference; lastKnownFileType = sourcecode.swift; path = WalkNavigationView.swift; sourceTree = "<group>"; };
		E48C58C77F13221697944B53 /* WalkSession.swift */ = {isa = PBXFileReference; lastKnownFileType = sourcecode.swift; path = WalkSession.swift; sourceTree = "<group>"; };
		E80F9DD22DAC6041F0A86CF8 /* ShareComposing.swift */ = {isa = PBXFileReference; lastKnownFileType = sourcecode.swift; path = ShareComposing.swift; sourceTree = "<group>"; };
		ECBB5EBD18CFB05B4B57D217 /* NavigationInstructionView.swift */ = {isa = PBXFileReference; lastKnownFileType = sourcecode.swift; path = NavigationInstructionView.swift; sourceTree = "<group>"; };
		EF81C148B427F27B0928A680 /* POIDiscoveryService.swift */ = {isa = PBXFileReference; lastKnownFileType = sourcecode.swift; path = POIDiscoveryService.swift; sourceTree = "<group>"; };
		F1FCC8BCD8DDB054995F0787 /* LocationService.swift */ = {isa = PBXFileReference; lastKnownFileType = sourcecode.swift; path = LocationService.swift; sourceTree = "<group>"; };
		F49D97DA5E66BFCFA7A08C1C /* DiscoveryView.swift */ = {isa = PBXFileReference; lastKnownFileType = sourcecode.swift; path = DiscoveryView.swift; sourceTree = "<group>"; };
		F5E3737CABFC7D667C70835A /* SharedRouteView.swift */ = {isa = PBXFileReference; lastKnownFileType = sourcecode.swift; path = SharedRouteView.swift; sourceTree = "<group>"; };
		F6D2B9ED513CE5ABB0D799B7 /* RouteError.swift */ = {isa = PBXFileReference; lastKnownFileType = sourcecode.swift; path = RouteError.swift; sourceTree = "<group>"; };
		F998462B2A8D821191657EC2 /* TimeSelectorView.swift */ = {isa = PBXFileReference; lastKnownFileType = sourcecode.swift; path = TimeSelectorView.swift; sourceTree = "<group>"; };
/* End PBXFileReference section */

/* Begin PBXGroup section */
		027576E10BC94F021CC5048C /* Features */ = {
			isa = PBXGroup;
			children = (
				A4D99D67B63E88A93E9729AE /* Discovery */,
				5FDDC964B49D580F3E7CA7EA /* FinishWalk */,
				E70474DC0F99D8A8EB1439DB /* POIDetail */,
				C32221A05E8954C499E91648 /* RouteDetail */,
				4F68E80DA9EE1CA4F02A1E44 /* SharedRoute */,
				D79D13BD34BA3CF23D130C18 /* WalkNavigation */,
			);
			path = Features;
			sourceTree = "<group>";
		};
		0BCB330845532595E583AE6A /* Components */ = {
			isa = PBXGroup;
			children = (
				9DDF41118AD6F63CBACEC2C3 /* CameraView.swift */,
				79548CB97B9247A2378E4D3F /* LoadingStateView.swift */,
				0C3B4698E47E2E32ECD678D3 /* ShareSheetView.swift */,
			);
			path = Components;
			sourceTree = "<group>";
		};
		1F86DA377E95DB588BE84D92 /* Location */ = {
			isa = PBXGroup;
			children = (
				F1FCC8BCD8DDB054995F0787 /* LocationService.swift */,
			);
			path = Location;
			sourceTree = "<group>";
		};
		1FF62D163FB6AB26E76FC04C /* Logging */ = {
			isa = PBXGroup;
			children = (
				28EC828E6F0CAAE9A0204276 /* AppLogger.swift */,
			);
			path = Logging;
			sourceTree = "<group>";
		};
		20C9850900B9C77475B611C3 /* Cache */ = {
			isa = PBXGroup;
			children = (
				E2A93CBBBA24D41018878306 /* CacheManager.swift */,
				58553E63FF7B1A9CCC271946 /* TerrainCalibrationCache.swift */,
			);
			path = Cache;
			sourceTree = "<group>";
		};
		20D1AC767DA2FF9FEFFC193A /* Photo */ = {
			isa = PBXGroup;
			children = (
				13553E9BF13258D63E7B9676 /* PhotoStorageService.swift */,
			);
			path = Photo;
			sourceTree = "<group>";
		};
		22500DB6DFFF29D053412A22 /* Configuration */ = {
			isa = PBXGroup;
			children = (
				DBD6A8EEB2760DEA21D47C24 /* AppConfiguration.swift */,
				7866F82E1E4D40D376BC2D5D /* Environment.swift */,
				74772CFDFDEE8B6C52FCA197 /* Secrets.swift */,
			);
			path = Configuration;
			sourceTree = "<group>";
		};
		2558F0EA4C441CB7C4852E30 /* Products */ = {
			isa = PBXGroup;
			children = (
				3DE867DD4FB9953A5A0FBB3B /* Muter.app */,
				D3E3837AAAA8A925A5E8DDD7 /* MuterTests.xctest */,
			);
			name = Products;
			sourceTree = "<group>";
		};
		3A74871455ED4F627F5BEB48 /* Extensions */ = {
			isa = PBXGroup;
			children = (
				0A89C331F0C492D09282A702 /* CLLocationCoordinate2D+Helpers.swift */,
			);
			path = Extensions;
			sourceTree = "<group>";
		};
		3FF2197EA8FDA8B772191270 /* Persistence */ = {
			isa = PBXGroup;
			children = (
				C086C83728B16887ED1C900C /* FileStore.swift */,
				22F23B6EA41BDDD49E2195FE /* UserDefaultsStore.swift */,
			);
			path = Persistence;
			sourceTree = "<group>";
		};
		4F68E80DA9EE1CA4F02A1E44 /* SharedRoute */ = {
			isa = PBXGroup;
			children = (
				F5E3737CABFC7D667C70835A /* SharedRouteView.swift */,
			);
			path = SharedRoute;
			sourceTree = "<group>";
		};
		53C3B284AF8FF39079744E85 /* Protocols */ = {
			isa = PBXGroup;
			children = (
				68ED675C628E64450D387E2B /* AnalyticsTracking.swift */,
				D34D124674F24AE4B45D20AF /* LocationProviding.swift */,
				4818B20FE1CF08A4F366EBFC /* NavigationDirecting.swift */,
				6E61B2DAE08CE47CB2D4B6BE /* PedometerProviding.swift */,
				DBD7245EC87824E4E610C1E3 /* PersistenceStoring.swift */,
				9A8875EB19282E8E6C1F089E /* PhotoManaging.swift */,
				372CD53B0D1709BE3262B0BE /* POIDiscovering.swift */,
				C348AB4401081F0E36422CE3 /* POIEnriching.swift */,
				A0BBB830D74827E05829A042 /* RouteGenerating.swift */,
				E80F9DD22DAC6041F0A86CF8 /* ShareComposing.swift */,
				1DBB7E243B438A56B042D35A /* SubscriptionProviding.swift */,
				A109D964B95AB82BF998B097 /* TicketAggregating.swift */,
				1400569418D0827CE7D92590 /* TicketProviding.swift */,
				CE72E8DE791740CBD8489FD6 /* VideoGenerating.swift */,
			);
			path = Protocols;
			sourceTree = "<group>";
		};
		56BBDA8A21296FB0B21B2CE6 /* Navigation */ = {
			isa = PBXGroup;
			children = (
				697692598335BA486BBE8B60 /* NavigationDirectionsService.swift */,
				8B55B07CBB2B71D5135A47FE /* OffRouteDetector.swift */,
				38C93E4C6038AA875C4F16BD /* RerouteService.swift */,
				4616F7B2FE6F2F64EB68A059 /* StepTracker.swift */,
			);
			path = Navigation;
			sourceTree = "<group>";
		};
		5A05D99A21488FA5A496CD7B /* Presentation */ = {
			isa = PBXGroup;
			children = (
				0BCB330845532595E583AE6A /* Components */,
				027576E10BC94F021CC5048C /* Features */,
				63FA2067EEB532F548E2C31A /* Navigation */,
				BD039FEA56615DABDBA3E1A0 /* Theme */,
				A24ADD3CEC22B52AFBD40D98 /* AppRootView.swift */,
			);
			path = Presentation;
			sourceTree = "<group>";
		};
		5B48B699DAC5DF0EE881C64B /* DependencyInjection */ = {
			isa = PBXGroup;
			children = (
				670919C75830EF3237C437A5 /* Injected.swift */,
				45499FFD8387FC78FB66DC3B /* ServiceContainer.swift */,
				372CCA8F1287C52A7C70258F /* ServiceContainer+Registration.swift */,
			);
			path = DependencyInjection;
			sourceTree = "<group>";
		};
		5D19B6A6F47E3C82E35DCF67 /* Analytics */ = {
			isa = PBXGroup;
			children = (
				D1BDB50C68049FBBAB7FE2F3 /* AnalyticsEvent.swift */,
				AC5A704BDEF5698A4E98D6D2 /* AnalyticsService.swift */,
			);
			path = Analytics;
			sourceTree = "<group>";
		};
		5DB2155464562E6D0D827FC4 /* RouteGeneration */ = {
			isa = PBXGroup;
			children = (
				D2B047FE47021DB4D4F740A1 /* MapboxRouteGenerationService.swift */,
				DF0F6622939D2A09FFEB73DD /* RouteGenerationService.swift */,
				04378C12872A3FB9BBD584A5 /* RouteGeometry.swift */,
			);
			path = RouteGeneration;
			sourceTree = "<group>";
		};
		5FDDC964B49D580F3E7CA7EA /* FinishWalk */ = {
			isa = PBXGroup;
			children = (
				E0DF56ABE7160A2A85ED48ED /* FeedbackSectionView.swift */,
				BA3D756EEDDFA32FB28CF3BF /* FinishWalkView.swift */,
				8A55EB1F28A48A06A68DAA23 /* FinishWalkViewModel.swift */,
			);
			path = FinishWalk;
			sourceTree = "<group>";
		};
		63C75209327D5AB4B5C7F164 /* Providers */ = {
			isa = PBXGroup;
			children = (
				E0BCBA7DCB0F89A07655E5F5 /* GetYourGuideTicketProvider.swift */,
				A561B0F098DD418265AB93B3 /* KlookTicketProvider.swift */,
				71C5004D668D017126808BBB /* MusementTicketProvider.swift */,
				9A63FCBCC1B515A2D9A02003 /* TiqetsTicketProvider.swift */,
				2B84E1B543FD8133D1601513 /* ViatorTicketProvider.swift */,
			);
			path = Providers;
			sourceTree = "<group>";
		};
		63FA2067EEB532F548E2C31A /* Navigation */ = {
			isa = PBXGroup;
			children = (
				D23F28E2BF1FD960A5C54FD6 /* AppRoute.swift */,
				27B53622232F15F64045F2D2 /* AppRouter.swift */,
			);
			path = Navigation;
			sourceTree = "<group>";
		};
		68C930AD4D39BC86E0E37F88 /* Sharing */ = {
			isa = PBXGroup;
			children = (
				7C39CBE32233D318A962F3E2 /* RouteShareService.swift */,
			);
			path = Sharing;
			sourceTree = "<group>";
		};
		6BD0A905362CA7C9C7AD7E92 /* Errors */ = {
			isa = PBXGroup;
			children = (
				7A138B23A7C66FBECF24F794 /* MuterError.swift */,
				9533DDFB4CD6529C8910BC01 /* NavigationError.swift */,
				D4F10FC6D6ECDF33A7842E46 /* NetworkError.swift */,
				4540EB12141095355998962D /* PhotoError.swift */,
				85CB9FD91B5F9CBC342863EC /* POIError.swift */,
				F6D2B9ED513CE5ABB0D799B7 /* RouteError.swift */,
			);
			path = Errors;
			sourceTree = "<group>";
		};
		72A40BC89B3F33F69475B70B /* Networking */ = {
			isa = PBXGroup;
			children = (
				E3541A2569576DD014165FA0 /* APIClient.swift */,
				22C23846D1C4CE71DFBC7AFA /* GetYourGuideAPI.swift */,
				BF93A5441BE345AC8E79DE94 /* GooglePlacesAPI.swift */,
				3495411D2443B8E2BDEF97BA /* KlookAPI.swift */,
				92747CCA6413AAD7F2EEB112 /* MusementAPI.swift */,
				A61EA911CE820F1E9653FCB8 /* TiqetsAPI.swift */,
				5BDD5787EFCF0FC00FE9E08A /* URLSessionAPIClient.swift */,
				5C466D42C9E8F17CE675A102 /* ViatorAPI.swift */,
			);
			path = Networking;
			sourceTree = "<group>";
		};
		7307B18672DADCADA755ED31 /* Pedometer */ = {
			isa = PBXGroup;
			children = (
				02CE2FB74B4B676BEB3648C8 /* LivePedometerService.swift */,
			);
			path = Pedometer;
			sourceTree = "<group>";
		};
		818BA38AB351BB0750EC851E /* Repositories */ = {
			isa = PBXGroup;
			children = (
				A9B4817A55213010D020CC93 /* RouteRepository.swift */,
				DD0FDA758C39FD339F00C478 /* SettingsRepository.swift */,
				26E7AEDF2935A74DB01B2500 /* WalkHistoryRepository.swift */,
			);
			path = Repositories;
			sourceTree = "<group>";
		};
		89D5E95F81A58F3DC3570226 /* Subscription */ = {
			isa = PBXGroup;
			children = (
				43F0908AED04AFDCA4BACB4C /* LiveSubscriptionService.swift */,
			);
			path = Subscription;
			sourceTree = "<group>";
		};
		8ADCD1C8E7F6FBB22EB55EC1 = {
			isa = PBXGroup;
			children = (
				EB833F9A567EBFC9607412D5 /* Muter */,
				9E9C56C81CBDC017B70900FC /* MuterTests */,
				2558F0EA4C441CB7C4852E30 /* Products */,
			);
			sourceTree = "<group>";
		};
		8AF6E45AF2437ACA2E269DED /* Models */ = {
			isa = PBXGroup;
			children = (
				4AFEBA92BE0838179BF55437 /* CollageTemplate.swift */,
				9BDF8DD8CBC0D5241AA9D577 /* FeedbackTag.swift */,
				73D47F174736EF94D07305FB /* FoodStopVisit.swift */,
				B3470927864B3D1048984CB6 /* Location.swift */,
				7F394BA25D16485EDD15223B /* NavigationStep.swift */,
				90EDC552140793C60D7EEE88 /* POI.swift */,
				6D9B17BB6AC35FC1A5DFFD90 /* POICategory.swift */,
				868D01B92A5FC35292BC2785 /* Route.swift */,
				11171ACD4E20A678307BA669 /* RoutePhoto.swift */,
				80916CDA4F962EA590F95D05 /* TicketOffer.swift */,
				96E21C9DBD7BAAE4017C4CA5 /* TicketResult.swift */,
				4847CD7F3D6A01E0D1684075 /* UserProfile.swift */,
				7522CD0E02470D2CB85040BF /* WalkFeedback.swift */,
				E48C58C77F13221697944B53 /* WalkSession.swift */,
			);
			path = Models;
			sourceTree = "<group>";
		};
		9485063D114DE2C7352CC656 /* App */ = {
			isa = PBXGroup;
			children = (
				28F4A86200E9F15A910B2AB7 /* MuterApp.swift */,
			);
			path = App;
			sourceTree = "<group>";
		};
		9C7329F16B332E7EE154891C /* Collage */ = {
			isa = PBXGroup;
			children = (
				566E1810E19EDE87FC08F39D /* CollageGeneratorService.swift */,
			);
			path = Collage;
			sourceTree = "<group>";
		};
		9D6D254365F6BDBF7460C170 /* Data */ = {
			isa = PBXGroup;
			children = (
				20C9850900B9C77475B611C3 /* Cache */,
				72A40BC89B3F33F69475B70B /* Networking */,
				3FF2197EA8FDA8B772191270 /* Persistence */,
				818BA38AB351BB0750EC851E /* Repositories */,
			);
			path = Data;
			sourceTree = "<group>";
		};
		9E9C56C81CBDC017B70900FC /* MuterTests */ = {
			isa = PBXGroup;
			children = (
				5FA27E7A7BCAB4C95EDC6844 /* MuterTests.swift */,
			);
			path = MuterTests;
			sourceTree = "<group>";
		};
		A1F0A0858875FEC3F9A34375 /* Tickets */ = {
			isa = PBXGroup;
			children = (
				63C75209327D5AB4B5C7F164 /* Providers */,
				748F9C28991E61AE4C46D195 /* TicketAggregatorService.swift */,
			);
			path = Tickets;
			sourceTree = "<group>";
		};
		A4D99D67B63E88A93E9729AE /* Discovery */ = {
			isa = PBXGroup;
			children = (
				F49D97DA5E66BFCFA7A08C1C /* DiscoveryView.swift */,
				B8F50EF8E5D3A153DADCFBB0 /* DiscoveryViewModel.swift */,
				DB9BB8492E1CD44E417B7DE7 /* LocationSearchView.swift */,
				4FCE9A1B3BDC53370946291E /* RouteCardView.swift */,
				F998462B2A8D821191657EC2 /* TimeSelectorView.swift */,
			);
			path = Discovery;
			sourceTree = "<group>";
		};
		BD039FEA56615DABDBA3E1A0 /* Theme */ = {
			isa = PBXGroup;
			children = (
				082C7C1FCF7B4903E0F0C730 /* AppTheme.swift */,
			);
			path = Theme;
			sourceTree = "<group>";
		};
		C32221A05E8954C499E91648 /* RouteDetail */ = {
			isa = PBXGroup;
			children = (
				AFF2F8BC0EF301824BC9C2E2 /* POICardView.swift */,
				B488F53ECB10CCC4BE5FD8B7 /* POIListView.swift */,
				1F8F16A76CCAE2C4E913D692 /* RouteDetailView.swift */,
				73B148B42E1280BF9DD0E6DC /* RouteDetailViewModel.swift */,
			);
			path = RouteDetail;
			sourceTree = "<group>";
		};
		CBC78342F71440EDF0BDDB49 /* Domain */ = {
			isa = PBXGroup;
			children = (
				8AF6E45AF2437ACA2E269DED /* Models */,
				53C3B284AF8FF39079744E85 /* Protocols */,
			);
			path = Domain;
			sourceTree = "<group>";
		};
		CD0448522FCACB069B1D72AD /* Services */ = {
			isa = PBXGroup;
			children = (
				5D19B6A6F47E3C82E35DCF67 /* Analytics */,
				9C7329F16B332E7EE154891C /* Collage */,
				1F86DA377E95DB588BE84D92 /* Location */,
				56BBDA8A21296FB0B21B2CE6 /* Navigation */,
				7307B18672DADCADA755ED31 /* Pedometer */,
				20D1AC767DA2FF9FEFFC193A /* Photo */,
				FE259F95BB21642B49E206CA /* POI */,
				5DB2155464562E6D0D827FC4 /* RouteGeneration */,
				68C930AD4D39BC86E0E37F88 /* Sharing */,
				89D5E95F81A58F3DC3570226 /* Subscription */,
				A1F0A0858875FEC3F9A34375 /* Tickets */,
			);
			path = Services;
			sourceTree = "<group>";
		};
		D79D13BD34BA3CF23D130C18 /* WalkNavigation */ = {
			isa = PBXGroup;
			children = (
				DBCBE4C825C74FFE314AD1D5 /* FoodCheckInBannerView.swift */,
				ECBB5EBD18CFB05B4B57D217 /* NavigationInstructionView.swift */,
				4B538DCAE3B58C403FB0520C /* OffRouteBannerView.swift */,
				DF91F13890D115171C9DE1C0 /* OffRouteViewModel.swift */,
				E3E3E1B9AFED392E9F7E4A81 /* WalkNavigationView.swift */,
				DD07D62789B033F70EBE77B2 /* WalkNavigationViewModel.swift */,
				8C152598C4B792F045A9D5B9 /* WalkStatsBar.swift */,
			);
			path = WalkNavigation;
			sourceTree = "<group>";
		};
		E70474DC0F99D8A8EB1439DB /* POIDetail */ = {
			isa = PBXGroup;
			children = (
				7450AEF71B64CFBFB4A21875 /* POIDetailView.swift */,
			);
			path = POIDetail;
			sourceTree = "<group>";
		};
		EB833F9A567EBFC9607412D5 /* Muter */ = {
			isa = PBXGroup;
			children = (
				9485063D114DE2C7352CC656 /* App */,
				F8D626E2E73D003C36129A71 /* Core */,
				9D6D254365F6BDBF7460C170 /* Data */,
				CBC78342F71440EDF0BDDB49 /* Domain */,
				5A05D99A21488FA5A496CD7B /* Presentation */,
				CD0448522FCACB069B1D72AD /* Services */,
				CAC26BFC197F2987A41CDC92 /* Info.plist */,
				5AC49BBC9D5578746885A64E /* Muter.entitlements */,
				75067E0A1947D4A6C42D04A0 /* Secrets.xcconfig */,
			);
			path = Muter;
			sourceTree = "<group>";
		};
		F8D626E2E73D003C36129A71 /* Core */ = {
			isa = PBXGroup;
			children = (
				22500DB6DFFF29D053412A22 /* Configuration */,
				5B48B699DAC5DF0EE881C64B /* DependencyInjection */,
				6BD0A905362CA7C9C7AD7E92 /* Errors */,
				3A74871455ED4F627F5BEB48 /* Extensions */,
				1FF62D163FB6AB26E76FC04C /* Logging */,
			);
			path = Core;
			sourceTree = "<group>";
		};
		FE259F95BB21642B49E206CA /* POI */ = {
			isa = PBXGroup;
			children = (
				A1D747ABD04CF15979F725F1 /* GooglePlacesEnrichmentService.swift */,
				A2B3C4D5E6F7081929304A5B /* GooglePlacesNewFoodService.swift */,
				BB94BEDD5B571E4C06A92522 /* POIAggregatorService.swift */,
				EF81C148B427F27B0928A680 /* POIDiscoveryService.swift */,
				85134A7D4192637C4D1A3577 /* POIFilteringService.swift */,
			);
			path = POI;
			sourceTree = "<group>";
		};
/* End PBXGroup section */

/* Begin PBXNativeTarget section */
		026374414C6CE753BACD2ED8 /* Muter */ = {
			isa = PBXNativeTarget;
			buildConfigurationList = 9CE5D38B35AD86F10FBF0367 /* Build configuration list for PBXNativeTarget "Muter" */;
			buildPhases = (
				35018E00799D5FF67EE58555 /* Sources */,
			);
			buildRules = (
			);
			dependencies = (
			);
			name = Muter;
			packageProductDependencies = (
			);
			productName = Muter;
			productReference = 3DE867DD4FB9953A5A0FBB3B /* Muter.app */;
			productType = "com.apple.product-type.application";
		};
		F5F32A85537C677B0B8ED140 /* MuterTests */ = {
			isa = PBXNativeTarget;
			buildConfigurationList = F8F104B3A8C1C8B56F9703FF /* Build configuration list for PBXNativeTarget "MuterTests" */;
			buildPhases = (
				2A8B0FA56BF273721CE28A0C /* Sources */,
			);
			buildRules = (
			);
			dependencies = (
				1C1C0A8CEA4A6908800FE8E7 /* PBXTargetDependency */,
			);
			name = MuterTests;
			packageProductDependencies = (
			);
			productName = MuterTests;
			productReference = D3E3837AAAA8A925A5E8DDD7 /* MuterTests.xctest */;
			productType = "com.apple.product-type.bundle.unit-test";
		};
/* End PBXNativeTarget section */

/* Begin PBXProject section */
		A9C336114F5C293543E35C2A /* Project object */ = {
			isa = PBXProject;
			attributes = {
				BuildIndependentTargetsInParallel = YES;
				LastUpgradeCheck = 1600;
			};
			buildConfigurationList = 02A6E56FF43ECBC694F3AE48 /* Build configuration list for PBXProject "Muter" */;
			developmentRegion = en;
			hasScannedForEncodings = 0;
			knownRegions = (
				Base,
				en,
			);
			mainGroup = 8ADCD1C8E7F6FBB22EB55EC1;
			minimizedProjectReferenceProxies = 1;
			preferredProjectObjectVersion = 77;
			productRefGroup = 2558F0EA4C441CB7C4852E30 /* Products */;
			projectDirPath = "";
			projectRoot = "";
			targets = (
				026374414C6CE753BACD2ED8 /* Muter */,
				F5F32A85537C677B0B8ED140 /* MuterTests */,
			);
		};
/* End PBXProject section */

/* Begin PBXSourcesBuildPhase section */
		2A8B0FA56BF273721CE28A0C /* Sources */ = {
			isa = PBXSourcesBuildPhase;
			buildActionMask = 2147483647;
			files = (
				BD24CD7E05299668753F7733 /* MuterTests.swift in Sources */,
			);
			runOnlyForDeploymentPostprocessing = 0;
		};
		35018E00799D5FF67EE58555 /* Sources */ = {
			isa = PBXSourcesBuildPhase;
			buildActionMask = 2147483647;
			files = (
				EAEEA6F9ED4F6A117BAA6896 /* APIClient.swift in Sources */,
				77AE61F8A1BA9E84D46C9249 /* AnalyticsEvent.swift in Sources */,
				F104AEB3FAC5C44E22412433 /* AnalyticsService.swift in Sources */,
				C9BA63AC97A3585A694A19E0 /* AnalyticsTracking.swift in Sources */,
				C702304A1E502AD8B183FB06 /* AppConfiguration.swift in Sources */,
				AA833035130B62DD746F2E50 /* AppLogger.swift in Sources */,
				7BD271B78C088870AF29F3BA /* AppRootView.swift in Sources */,
				36EDB20EA3C506C9F60F280D /* AppRoute.swift in Sources */,
				074997F26E177A7DD4FB113E /* AppRouter.swift in Sources */,
				23B82C883E4411FCE2A2BB04 /* AppTheme.swift in Sources */,
				4B71AF157C2A551CE241E0FD /* CLLocationCoordinate2D+Helpers.swift in Sources */,
				964CB7472141F1A68F09E50E /* CacheManager.swift in Sources */,
				CDD734B73B23432F012BF68E /* CameraView.swift in Sources */,
				BCA6944044D7968D47FE46EA /* CollageGeneratorService.swift in Sources */,
				B3D5EF78C4B79AC0EC70EB9C /* CollageTemplate.swift in Sources */,
				C0E5EE95F55D14CD56CAF7AF /* DiscoveryView.swift in Sources */,
				A79904ECE339BF039F9F7FD9 /* DiscoveryViewModel.swift in Sources */,
				EB462252DBDDFBA9EA83B4F3 /* Environment.swift in Sources */,
				E7C9B115125FB2F041065F13 /* FeedbackSectionView.swift in Sources */,
				267320E38A4D71DA810EAD5C /* FeedbackTag.swift in Sources */,
				4A2CAF05641B77B8DAB6830D /* FileStore.swift in Sources */,
				AEA6AB93444383AFD558F53B /* FinishWalkView.swift in Sources */,
				5F3A9647481325C93DE1114F /* FinishWalkViewModel.swift in Sources */,
				B8543963FA879ECA29AF0438 /* FoodCheckInBannerView.swift in Sources */,
				A5C92C6C21DC4BC9AAEDA5AF /* FoodStopVisit.swift in Sources */,
				84568B9F7F1AA8749AA54105 /* GetYourGuideAPI.swift in Sources */,
				DDEA0E1D233B65F852121623 /* GetYourGuideTicketProvider.swift in Sources */,
				69CF2D9F802FD3F35E488AB3 /* GooglePlacesAPI.swift in Sources */,
				E6CE679B49928483DB1AA767 /* GooglePlacesEnrichmentService.swift in Sources */,
				F0A1B2C3D4E5F60718293A4B /* GooglePlacesNewFoodService.swift in Sources */,
				B0DDBFE370FEC377E7B0B147 /* Injected.swift in Sources */,
				27E72FAE60B83D3CBA9A04F7 /* KlookAPI.swift in Sources */,
				3BC05BD07B181CF7C09F3EB2 /* KlookTicketProvider.swift in Sources */,
				771DB03BE31CCDCA49AA12BE /* LivePedometerService.swift in Sources */,
				88D327948F8DD0AD95461E5A /* LiveSubscriptionService.swift in Sources */,
				B4C73E1CCDF188114111F725 /* LoadingStateView.swift in Sources */,
				44A6A97B945CF12137690E26 /* Location.swift in Sources */,
				7FFF104E91FFEDF4FE21049C /* LocationProviding.swift in Sources */,
				F617F69631947927195D5E61 /* LocationSearchView.swift in Sources */,
				D16D37C0A23D6291ECAFE5A4 /* LocationService.swift in Sources */,
				2031A46AFF90CA04119300A8 /* MapboxRouteGenerationService.swift in Sources */,
				1593D0ED38104B4ECD6A7959 /* MusementAPI.swift in Sources */,
				FE4950767DD3B217CCAE56B9 /* MusementTicketProvider.swift in Sources */,
				9F0C24C1F42D45693DB295A9 /* MuterApp.swift in Sources */,
				FAE4118B340697E504B27279 /* MuterError.swift in Sources */,
				956F63D6140E12E1D9903692 /* NavigationDirecting.swift in Sources */,
				FD6EE6A137B8CBC426778365 /* NavigationDirectionsService.swift in Sources */,
				655D4BD512E937C1D515357A /* NavigationError.swift in Sources */,
				D21085FE78B17F7CB853805F /* NavigationInstructionView.swift in Sources */,
				20D2ABD037C6683E53F403D5 /* NavigationStep.swift in Sources */,
				74168CB7F39060F0534128D1 /* NetworkError.swift in Sources */,
				11E60C7648459687EF7E1AAD /* OffRouteBannerView.swift in Sources */,
				9229089D0852BA005759D5C6 /* OffRouteDetector.swift in Sources */,
				3403D519FF302E3BFB3C928C /* OffRouteViewModel.swift in Sources */,
				DA3FEB40CEE69B1A735BA45A /* POI.swift in Sources */,
				70485C51AC7B791A78BDC524 /* POIAggregatorService.swift in Sources */,
				7E50291FA328DA3817E005A6 /* POICardView.swift in Sources */,
				BB2F7696D7B5951B9D73D2DD /* POICategory.swift in Sources */,
				800EE0268C33E78492179AB2 /* POIDetailView.swift in Sources */,
				7C4996EAFE9F6AF8621FB4A2 /* POIDiscovering.swift in Sources */,
				16469BD3F8769C421050F103 /* POIDiscoveryService.swift in Sources */,
				C66E5799D575B4AC0460D1B0 /* POIEnriching.swift in Sources */,
				E50FDF659D8671DE41699710 /* POIError.swift in Sources */,
				40D5361F6D9D31F2FAB594E8 /* POIFilteringService.swift in Sources */,
				AFEA9CAC956F2BF5A5F43A6C /* POIListView.swift in Sources */,
				3024BC4DAE49DA4C878C0CBC /* PedometerProviding.swift in Sources */,
				0BAFD0E37588FDF580C60D4E /* PersistenceStoring.swift in Sources */,
				726AB281062123D92D1EA69B /* PhotoError.swift in Sources */,
				0A0FF743FA3187853E2EBD97 /* PhotoManaging.swift in Sources */,
				A03353A3F566BED48370A0E1 /* PhotoStorageService.swift in Sources */,
				25A2A73B039513B10C6E8590 /* RerouteService.swift in Sources */,
				1F6EFBEF311B9B407501310E /* Route.swift in Sources */,
				155DC2F9E617559ACE916730 /* RouteCardView.swift in Sources */,
				AFB5DD13B276A8F865C7552B /* RouteDetailView.swift in Sources */,
				E47485D2893C050C16181B11 /* RouteDetailViewModel.swift in Sources */,
				FC92ABC1900CAB7FE0178C9A /* RouteError.swift in Sources */,
				AD93AE1B36F2D71D2AE51962 /* RouteGenerating.swift in Sources */,
				03ABA1A97FFBB471C206F075 /* RouteGenerationService.swift in Sources */,
				C496CC17E0245D018FD67873 /* RouteGeometry.swift in Sources */,
				A1D1882AF1E6A09614D77B58 /* RoutePhoto.swift in Sources */,
				FC538711845E57008B310A61 /* RouteRepository.swift in Sources */,
				B47F4B373AB55D4228CE87EE /* RouteShareService.swift in Sources */,
				088EDF556E4FFEDA2EAFEB8F /* Secrets.swift in Sources */,
				CD9481CF1E5B430C264F55D2 /* ServiceContainer+Registration.swift in Sources */,
				6ADD98A91DC0F45D4BB24803 /* ServiceContainer.swift in Sources */,
				341E77D165223FF93A737D6A /* SettingsRepository.swift in Sources */,
				BAAE17B7AD425A88B06CA686 /* ShareComposing.swift in Sources */,
				2974F734B4934510041E01CA /* ShareSheetView.swift in Sources */,
				EE721DE0B1449280C7F35673 /* SharedRouteView.swift in Sources */,
				26FE96EF914640F743F9E3C1 /* StepTracker.swift in Sources */,
				32DC756E6C2FA06B63B6988F /* SubscriptionProviding.swift in Sources */,
				0CB7A07586C2410334310BF2 /* TerrainCalibrationCache.swift in Sources */,
				E4CCBC854220301E13AD5D44 /* TicketAggregating.swift in Sources */,
				0D3A8F94BA35549B248A59F6 /* TicketAggregatorService.swift in Sources */,
				601143C23ED575B4CBC4321E /* TicketOffer.swift in Sources */,
				DA33DD5CF3D9C65F265B5359 /* TicketProviding.swift in Sources */,
				249D0DE577D8F3ADA33D8CC6 /* TicketResult.swift in Sources */,
				D5591B6AC4257EA65FFEBDB8 /* TimeSelectorView.swift in Sources */,
				40C6A5E86D86175D70D32C0B /* TiqetsAPI.swift in Sources */,
				87C9A37C73196897546F2718 /* TiqetsTicketProvider.swift in Sources */,
				A0F55A95577C0E6386A55220 /* URLSessionAPIClient.swift in Sources */,
				0FF8DB05ABD5112A14253237 /* UserDefaultsStore.swift in Sources */,
				F2B122F52A28103F62DEEA64 /* UserProfile.swift in Sources */,
				A62B9ED39F7106B11CD92FA3 /* ViatorAPI.swift in Sources */,
				03D6B66B111B3315B32DFF26 /* ViatorTicketProvider.swift in Sources */,
				1946D378086FA6EEFA930AE9 /* VideoGenerating.swift in Sources */,
				05A9A038BAEEE5AEB7E62D15 /* WalkFeedback.swift in Sources */,
				C43E58ADF3AACBE4CDE6B8B0 /* WalkHistoryRepository.swift in Sources */,
				89DD88D45B2227353A80484A /* WalkNavigationView.swift in Sources */,
				98682E46DC3634FC7568A8F0 /* WalkNavigationViewModel.swift in Sources */,
				11D4547F5FB5DF2496E2ED15 /* WalkSession.swift in Sources */,
				B112C1AAD089F1A90E417CDF /* WalkStatsBar.swift in Sources */,
			);
			runOnlyForDeploymentPostprocessing = 0;
		};
/* End PBXSourcesBuildPhase section */

/* Begin PBXTargetDependency section */
		1C1C0A8CEA4A6908800FE8E7 /* PBXTargetDependency */ = {
			isa = PBXTargetDependency;
			target = 026374414C6CE753BACD2ED8 /* Muter */;
			targetProxy = ABCFFAD58DF84DC7942F7CCA /* PBXContainerItemProxy */;
		};
/* End PBXTargetDependency section */

/* Begin XCBuildConfiguration section */
		2D90F2B997820A9F49AF1D25 /* Release */ = {
			isa = XCBuildConfiguration;
			buildSettings = {
				BUNDLE_LOADER = "$(TEST_HOST)";
				GENERATE_INFOPLIST_FILE = YES;
				LD_RUNPATH_SEARCH_PATHS = (
					"$(inherited)",
					"@executable_path/Frameworks",
					"@loader_path/Frameworks",
				);
				PRODUCT_BUNDLE_IDENTIFIER = com.pedro.muter.tests;
				SDKROOT = iphoneos;
				TARGETED_DEVICE_FAMILY = "1,2";
				TEST_HOST = "$(BUILT_PRODUCTS_DIR)/Muter.app/Muter";
			};
			name = Release;
		};
		3970E3ABD08FB14337A7D2F1 /* Debug */ = {
			isa = XCBuildConfiguration;
			buildSettings = {
				ALWAYS_SEARCH_USER_PATHS = NO;
				CLANG_ANALYZER_NONNULL = YES;
				CLANG_ANALYZER_NUMBER_OBJECT_CONVERSION = YES_AGGRESSIVE;
				CLANG_CXX_LANGUAGE_STANDARD = "gnu++14";
				CLANG_CXX_LIBRARY = "libc++";
				CLANG_ENABLE_MODULES = YES;
				CLANG_ENABLE_OBJC_ARC = YES;
				CLANG_ENABLE_OBJC_WEAK = YES;
				CLANG_WARN_BLOCK_CAPTURE_AUTORELEASING = YES;
				CLANG_WARN_BOOL_CONVERSION = YES;
				CLANG_WARN_COMMA = YES;
				CLANG_WARN_CONSTANT_CONVERSION = YES;
				CLANG_WARN_DEPRECATED_OBJC_IMPLEMENTATIONS = YES;
				CLANG_WARN_DIRECT_OBJC_ISA_USAGE = YES_ERROR;
				CLANG_WARN_DOCUMENTATION_COMMENTS = YES;
				CLANG_WARN_EMPTY_BODY = YES;
				CLANG_WARN_ENUM_CONVERSION = YES;
				CLANG_WARN_INFINITE_RECURSION = YES;
				CLANG_WARN_INT_CONVERSION = YES;
				CLANG_WARN_NON_LITERAL_NULL_CONVERSION = YES;
				CLANG_WARN_OBJC_IMPLICIT_RETAIN_SELF = YES;
				CLANG_WARN_OBJC_LITERAL_CONVERSION = YES;
				CLANG_WARN_OBJC_ROOT_CLASS = YES_ERROR;
				CLANG_WARN_QUOTED_INCLUDE_IN_FRAMEWORK_HEADER = YES;
				CLANG_WARN_RANGE_LOOP_ANALYSIS = YES;
				CLANG_WARN_STRICT_PROTOTYPES = YES;
				CLANG_WARN_SUSPICIOUS_MOVE = YES;
				CLANG_WARN_UNGUARDED_AVAILABILITY = YES_AGGRESSIVE;
				CLANG_WARN_UNREACHABLE_CODE = YES;
				CLANG_WARN__DUPLICATE_METHOD_MATCH = YES;
				COPY_PHASE_STRIP = NO;
				DEBUG_INFORMATION_FORMAT = dwarf;
				ENABLE_STRICT_OBJC_MSGSEND = YES;
				ENABLE_TESTABILITY = YES;
				GCC_C_LANGUAGE_STANDARD = gnu11;
				GCC_DYNAMIC_NO_PIC = NO;
				GCC_NO_COMMON_BLOCKS = YES;
				GCC_OPTIMIZATION_LEVEL = 0;
				GCC_PREPROCESSOR_DEFINITIONS = (
					"$(inherited)",
					"DEBUG=1",
				);
				GCC_WARN_64_TO_32_BIT_CONVERSION = YES;
				GCC_WARN_ABOUT_RETURN_TYPE = YES_ERROR;
				GCC_WARN_UNDECLARED_SELECTOR = YES;
				GCC_WARN_UNINITIALIZED_AUTOS = YES_AGGRESSIVE;
				GCC_WARN_UNUSED_FUNCTION = YES;
				GCC_WARN_UNUSED_VARIABLE = YES;
				IPHONEOS_DEPLOYMENT_TARGET = 17.0;
				MTL_ENABLE_DEBUG_INFO = INCLUDE_SOURCE;
				MTL_FAST_MATH = YES;
				ONLY_ACTIVE_ARCH = YES;
				PRODUCT_NAME = "$(TARGET_NAME)";
				SDKROOT = iphoneos;
				SWIFT_ACTIVE_COMPILATION_CONDITIONS = DEBUG;
				SWIFT_OPTIMIZATION_LEVEL = "-Onone";
				SWIFT_VERSION = 5.0;
				TARGETED_DEVICE_FAMILY = "1,2";
			};
			name = Debug;
		};
		891FFEC4598C3E342C5C23A3 /* Debug */ = {
			isa = XCBuildConfiguration;
			baseConfigurationReference = 75067E0A1947D4A6C42D04A0 /* Secrets.xcconfig */;
			buildSettings = {
				ASSETCATALOG_COMPILER_APPICON_NAME = AppIcon;
				CODE_SIGN_IDENTITY = "iPhone Developer";
				CURRENT_PROJECT_VERSION = 1;
				DEVELOPMENT_TEAM = C82CNXUF4B;
				GOOGLE_PLACES_API_KEY = "$(GOOGLE_PLACES_API_KEY)";
				INFOPLIST_FILE = Muter/Info.plist;
				LD_RUNPATH_SEARCH_PATHS = (
					"$(inherited)",
					"@executable_path/Frameworks",
				);
				MAPBOX_ACCESS_TOKEN = "$(MAPBOX_ACCESS_TOKEN)";
				MARKETING_VERSION = 1.0.0;
				PRODUCT_BUNDLE_IDENTIFIER = com.pedro.muter;
				SDKROOT = iphoneos;
				TARGETED_DEVICE_FAMILY = "1,2";
			};
			name = Debug;
		};
		B1CF6DA7CB3793274BB2257C /* Release */ = {
			isa = XCBuildConfiguration;
			baseConfigurationReference = 75067E0A1947D4A6C42D04A0 /* Secrets.xcconfig */;
			buildSettings = {
				ASSETCATALOG_COMPILER_APPICON_NAME = AppIcon;
				CODE_SIGN_IDENTITY = "iPhone Developer";
				CURRENT_PROJECT_VERSION = 1;
				DEVELOPMENT_TEAM = C82CNXUF4B;
				GOOGLE_PLACES_API_KEY = "$(GOOGLE_PLACES_API_KEY)";
				INFOPLIST_FILE = Muter/Info.plist;
				LD_RUNPATH_SEARCH_PATHS = (
					"$(inherited)",
					"@executable_path/Frameworks",
				);
				MAPBOX_ACCESS_TOKEN = "$(MAPBOX_ACCESS_TOKEN)";
				MARKETING_VERSION = 1.0.0;
				PRODUCT_BUNDLE_IDENTIFIER = com.pedro.muter;
				SDKROOT = iphoneos;
				TARGETED_DEVICE_FAMILY = "1,2";
			};
			name = Release;
		};
		B59DEBFBEBA097183BFCED23 /* Debug */ = {
			isa = XCBuildConfiguration;
			buildSettings = {
				BUNDLE_LOADER = "$(TEST_HOST)";
				GENERATE_INFOPLIST_FILE = YES;
				LD_RUNPATH_SEARCH_PATHS = (
					"$(inherited)",
					"@executable_path/Frameworks",
					"@loader_path/Frameworks",
				);
				PRODUCT_BUNDLE_IDENTIFIER = com.pedro.muter.tests;
				SDKROOT = iphoneos;
				TARGETED_DEVICE_FAMILY = "1,2";
				TEST_HOST = "$(BUILT_PRODUCTS_DIR)/Muter.app/Muter";
			};
			name = Debug;
		};
		CCEB2D27AA4D2188A9263D2D /* Release */ = {
			isa = XCBuildConfiguration;
			buildSettings = {
				ALWAYS_SEARCH_USER_PATHS = NO;
				CLANG_ANALYZER_NONNULL = YES;
				CLANG_ANALYZER_NUMBER_OBJECT_CONVERSION = YES_AGGRESSIVE;
				CLANG_CXX_LANGUAGE_STANDARD = "gnu++14";
				CLANG_CXX_LIBRARY = "libc++";
				CLANG_ENABLE_MODULES = YES;
				CLANG_ENABLE_OBJC_ARC = YES;
				CLANG_ENABLE_OBJC_WEAK = YES;
				CLANG_WARN_BLOCK_CAPTURE_AUTORELEASING = YES;
				CLANG_WARN_BOOL_CONVERSION = YES;
				CLANG_WARN_COMMA = YES;
				CLANG_WARN_CONSTANT_CONVERSION = YES;
				CLANG_WARN_DEPRECATED_OBJC_IMPLEMENTATIONS = YES;
				CLANG_WARN_DIRECT_OBJC_ISA_USAGE = YES_ERROR;
				CLANG_WARN_DOCUMENTATION_COMMENTS = YES;
				CLANG_WARN_EMPTY_BODY = YES;
				CLANG_WARN_ENUM_CONVERSION = YES;
				CLANG_WARN_INFINITE_RECURSION = YES;
				CLANG_WARN_INT_CONVERSION = YES;
				CLANG_WARN_NON_LITERAL_NULL_CONVERSION = YES;
				CLANG_WARN_OBJC_IMPLICIT_RETAIN_SELF = YES;
				CLANG_WARN_OBJC_LITERAL_CONVERSION = YES;
				CLANG_WARN_OBJC_ROOT_CLASS = YES_ERROR;
				CLANG_WARN_QUOTED_INCLUDE_IN_FRAMEWORK_HEADER = YES;
				CLANG_WARN_RANGE_LOOP_ANALYSIS = YES;
				CLANG_WARN_STRICT_PROTOTYPES = YES;
				CLANG_WARN_SUSPICIOUS_MOVE = YES;
				CLANG_WARN_UNGUARDED_AVAILABILITY = YES_AGGRESSIVE;
				CLANG_WARN_UNREACHABLE_CODE = YES;
				CLANG_WARN__DUPLICATE_METHOD_MATCH = YES;
				COPY_PHASE_STRIP = NO;
				DEBUG_INFORMATION_FORMAT = "dwarf-with-dsym";
				ENABLE_NS_ASSERTIONS = NO;
				ENABLE_STRICT_OBJC_MSGSEND = YES;
				GCC_C_LANGUAGE_STANDARD = gnu11;
				GCC_NO_COMMON_BLOCKS = YES;
				GCC_WARN_64_TO_32_BIT_CONVERSION = YES;
				GCC_WARN_ABOUT_RETURN_TYPE = YES_ERROR;
				GCC_WARN_UNDECLARED_SELECTOR = YES;
				GCC_WARN_UNINITIALIZED_AUTOS = YES_AGGRESSIVE;
				GCC_WARN_UNUSED_FUNCTION = YES;
				GCC_WARN_UNUSED_VARIABLE = YES;
				IPHONEOS_DEPLOYMENT_TARGET = 17.0;
				MTL_ENABLE_DEBUG_INFO = NO;
				MTL_FAST_MATH = YES;
				PRODUCT_NAME = "$(TARGET_NAME)";
				SDKROOT = iphoneos;
				SWIFT_COMPILATION_MODE = wholemodule;
				SWIFT_OPTIMIZATION_LEVEL = "-O";
				SWIFT_VERSION = 5.0;
				TARGETED_DEVICE_FAMILY = "1,2";
			};
			name = Release;
		};
/* End XCBuildConfiguration section */

/* Begin XCConfigurationList section */
		02A6E56FF43ECBC694F3AE48 /* Build configuration list for PBXProject "Muter" */ = {
			isa = XCConfigurationList;
			buildConfigurations = (
				3970E3ABD08FB14337A7D2F1 /* Debug */,
				CCEB2D27AA4D2188A9263D2D /* Release */,
			);
			defaultConfigurationIsVisible = 0;
			defaultConfigurationName = Debug;
		};
		9CE5D38B35AD86F10FBF0367 /* Build configuration list for PBXNativeTarget "Muter" */ = {
			isa = XCConfigurationList;
			buildConfigurations = (
				891FFEC4598C3E342C5C23A3 /* Debug */,
				B1CF6DA7CB3793274BB2257C /* Release */,
			);
			defaultConfigurationIsVisible = 0;
			defaultConfigurationName = Debug;
		};
		F8F104B3A8C1C8B56F9703FF /* Build configuration list for PBXNativeTarget "MuterTests" */ = {
			isa = XCConfigurationList;
			buildConfigurations = (
				B59DEBFBEBA097183BFCED23 /* Debug */,
				2D90F2B997820A9F49AF1D25 /* Release */,
			);
			defaultConfigurationIsVisible = 0;
			defaultConfigurationName = Debug;
		};
/* End XCConfigurationList section */
	};
	rootObject = A9C336114F5C293543E35C2A /* Project object */;
}
